<?xml version="1.0" encoding="UTF-8" standalone="yes" ?>
<CodeBlocks_project_file>
	<FileVersion major="1" minor="6" />
	<Project>
		<Option title="CodeBlocksProject" />
		<Option pch_mode="2" />
		<Option compiler="gcc" />
		<Build>
			<Target title="Debug">
				<Option output="bin/Debug/CodeBlocksProject" prefix_auto="1" extension_auto="1" />
				<Option object_output="obj/Debug/" />
				<Option type="1" />
				<Option compiler="gcc" />
				<Compiler>
					<Add option="-g" />
					<Add directory="../libs/SQLAPI/include" />
				</Compiler>
				<Linker>
					<Add directory="../libs/SQLAPI/lib" />
				</Linker>
			</Target>
			<Target title="Release">
				<Option output="bin/Release/CodeBlocksProject" prefix_auto="1" extension_auto="1" />
				<Option object_output="obj/Release/" />
				<Option type="1" />
				<Option compiler="gcc" />
				<Compiler>
					<Add option="-O2" />
				</Compiler>
				<Linker>
					<Add option="-s" />
				</Linker>
			</Target>
		</Build>
		<Compiler>
			<Add option="-Wall" />
			<Add option="-fexceptions" />
		</Compiler>
		<Linker>
			<Add library="../libs/SQLAPI/vs2022/x86_64/lib/sqlapi.lib" />
			<Add library="../libs/SQLAPI/mingw-i686-9.2.0/lib/libsqlapi.a" />
			<Add library="../libs/SQLAPI/mingw-w64-x86_64-8.1.0-posix-seh-rt_v6-rev0/lib/libsqlapi.a" />
			<Add library="../libs/SQLAPI/mingw-w64-x86_64-4.8.5-posix-seh-rt_v4-rev0/lib/libsqlapi.a" />
			<Add library="../libs/SQLAPI/vs2022/lib/sqlapi.lib" />
			<Add library="../libs/SQLAPI/vs2019/lib/sqlapi.lib" />
			<Add library="../libs/SQLAPI/vs2017/lib/sqlapi.lib" />
			<Add library="../libs/SQLAPI/vs2012/lib/sqlapi.lib" />
			<Add library="../libs/SQLAPI/vs2010/lib/sqlapi.lib" />
			<Add library="../libs/SQLAPI/vs2022/x86_64/lib/sqlapi.lib" />
			<Add library="../libs/SQLAPI/vs2019/x86_64/lib/sqlapi.lib" />
			<Add library="../libs/SQLAPI/vs2017/x86_64/lib/sqlapi.lib" />
			<Add library="../libs/SQLAPI/vs2012/x86_64/lib/sqlapi.lib" />
			<Add library="../libs/SQLAPI/vs2010/x86_64/lib/sqlapi.lib" />
		</Linker>
		<Unit filename="../src/db/Database.cpp" />
		<Unit filename="../src/main.cpp" />
		<Unit filename="../src/models/Candidate.cpp" />
		<Unit filename="../src/models/Candidate.h" />
		<Unit filename="../src/models/City.cpp" />
		<Unit filename="../src/models/City.h" />
		<Unit filename="../src/models/Constituency.cpp" />
		<Unit filename="../src/models/Constituency.h" />
		<Unit filename="../src/models/Election.cpp" />
		<Unit filename="../src/models/Election.h" />
		<Unit filename="../src/models/Party.cpp" />
		<Unit filename="../src/models/Party.h" />
		<Unit filename="../src/models/PollingStation.cpp" />
		<Unit filename="../src/models/PollingStation.h" />
		<Unit filename="../src/models/Result.cpp" />
		<Unit filename="../src/models/Result.h" />
		<Unit filename="../src/models/Vote.cpp" />
		<Unit filename="../src/models/Vote.h" />
		<Unit filename="../src/models/Voter.cpp" />
		<Unit filename="../src/models/Voter.h" />
		<Extensions>
			<lib_finder disable_auto="1" />
		</Extensions>
	</Project>
</CodeBlocks_project_file>
